// !$*UTF8*$!
{
	archiveVersion = 1;
	classes = {
	};
	objectVersion = 46;
	objects = {

/* Begin PBXBuildFile section */
		05433E502081366B0049DD02 /* main.cpp in Sources */ = {isa = PBXBuildFile; fileRef = 05433E4F2081366B0049DD02 /* main.cpp */; };
/* End PBXBuildFile section */

/* Begin PBXCopyFilesBuildPhase section */
		05433E4A2081366B0049DD02 /* CopyFiles */ = {
			isa = PBXCopyFilesBuildPhase;
			buildActionMask = 2147483647;
			dstPath = /usr/share/man/man1/;
			dstSubfolderSpec = 0;
			files = (
			);
			runOnlyForDeploymentPostprocessing = 1;
		};
/* End PBXCopyFilesBuildPhase section */

/* Begin PBXFileReference section */
		05433E4C2081366B0049DD02 /* EmployeeSalaryProject */ = {isa = PBXFileReference; explicitFileType = "compiled.mach-o.executable"; includeInIndex = 0; path = EmployeeSalaryProject; sourceTree = BUILT_PRODUCTS_DIR; };
		05433E4F2081366B0049DD02 /* main.cpp */ = {isa = PBXFileReference; lastKnownFileType = sourcecode.cpp.cpp; path = main.cpp; sourceTree = "<group>"; };
		05433E5F208137280049DD02 /* Degree.h */ = {isa = PBXFileReference; fileEncoding = 4; lastKnownFileType = sourcecode.c.h; path = Degree.h; sourceTree = "<group>"; };
		05433E60208137280049DD02 /* Education.h */ = {isa = PBXFileReference; fileEncoding = 4; lastKnownFileType = sourcecode.c.h; path = Education.h; sourceTree = "<group>"; };
		05433E61208137280049DD02 /* Employee.h */ = {isa = PBXFileReference; fileEncoding = 4; lastKnownFileType = sourcecode.c.h; path = Employee.h; sourceTree = "<group>"; };
		05433E62208137280049DD02 /* Faculty.h */ = {isa = PBXFileReference; fileEncoding = 4; lastKnownFileType = sourcecode.c.h; path = Faculty.h; sourceTree = "<group>"; };
		05433E63208137280049DD02 /* Partime.h */ = {isa = PBXFileReference; fileEncoding = 4; lastKnownFileType = sourcecode.c.h; path = Partime.h; sourceTree = "<group>"; };
		05433E64208137280049DD02 /* Salary.h */ = {isa = PBXFileReference; fileEncoding = 4; lastKnownFileType = sourcecode.c.h; path = Salary.h; sourceTree = "<group>"; };
		05433E65208137280049DD02 /* Staff.h */ = {isa = PBXFileReference; fileEncoding = 4; lastKnownFileType = sourcecode.c.h; path = Staff.h; sourceTree = "<group>"; };
/* End PBXFileReference section */

/* Begin PBXFrameworksBuildPhase section */
		05433E492081366B0049DD02 /* Frameworks */ = {
			isa = PBXFrameworksBuildPhase;
			buildActionMask = 2147483647;
			files = (
			);
			runOnlyForDeploymentPostprocessing = 0;
		};
/* End PBXFrameworksBuildPhase section */

/* Begin PBXGroup section */
		05433E432081366A0049DD02 = {
			isa = PBXGroup;
			children = (
				05433E4E2081366B0049DD02 /* EmployeeSalaryProject */,
				05433E4D2081366B0049DD02 /* Products */,
			);
			sourceTree = "<group>";
		};
		05433E4D2081366B0049DD02 /* Products */ = {
			isa = PBXGroup;
			children = (
				05433E4C2081366B0049DD02 /* EmployeeSalaryProject */,
			);
			name = Products;
			sourceTree = "<group>";
		};
		05433E4E2081366B0049DD02 /* EmployeeSalaryProject */ = {
			isa = PBXGroup;
			children = (
				05433E4F2081366B0049DD02 /* main.cpp */,
				05433E5F208137280049DD02 /* Degree.h */,
				05433E60208137280049DD02 /* Education.h */,
				05433E61208137280049DD02 /* Employee.h */,
				05433E62208137280049DD02 /* Faculty.h */,
				05433E63208137280049DD02 /* Partime.h */,
				05433E64208137280049DD02 /* Salary.h */,
				05433E65208137280049DD02 /* Staff.h */,
			);
			path = EmployeeSalaryProject;
			sourceTree = "<group>";
		};
/* End PBXGroup section */

/* Begin PBXNativeTarget section */
		05433E4B2081366B0049DD02 /* EmployeeSalaryProject */ = {
			isa = PBXNativeTarget;
			buildConfigurationList = 05433E532081366B0049DD02 /* Build configuration list for PBXNativeTarget "EmployeeSalaryProject" */;
			buildPhases = (
				05433E482081366B0049DD02 /* Sources */,
				05433E492081366B0049DD02 /* Frameworks */,
				05433E4A2081366B0049DD02 /* CopyFiles */,
			);
			buildRules = (
			);
			dependencies = (
			);
			name = EmployeeSalaryProject;
			productName = EmployeeSalaryProject;
			productReference = 05433E4C2081366B0049DD02 /* EmployeeSalaryProject */;
			productType = "com.apple.product-type.tool";
		};
/* End PBXNativeTarget section */

/* Begin PBXProject section */
		05433E442081366A0049DD02 /* Project object */ = {
			isa = PBXProject;
			attributes = {
				LastUpgradeCheck = 0730;
				ORGANIZATIONNAME = "Abdul Rahim";
				TargetAttributes = {
					05433E4B2081366B0049DD02 = {
						CreatedOnToolsVersion = 7.3.1;
					};
				};
			};
			buildConfigurationList = 05433E472081366A0049DD02 /* Build configuration list for PBXProject "EmployeeSalaryProject" */;
			compatibilityVersion = "Xcode 3.2";
			developmentRegion = English;
			hasScannedForEncodings = 0;
			knownRegions = (
				en,
			);
			mainGroup = 05433E432081366A0049DD02;
			productRefGroup = 05433E4D2081366B0049DD02 /* Products */;
			projectDirPath = "";
			projectRoot = "";
			targets = (
				05433E4B2081366B0049DD02 /* EmployeeSalaryProject */,
			);
		};
/* End PBXProject section */

/* Begin PBXSourcesBuildPhase section */
		05433E482081366B0049DD02 /* Sources */ = {
			isa = PBXSourcesBuildPhase;
			buildActionMask = 2147483647;
			files = (
				05433E502081366B0049DD02 /* main.cpp in Sources */,
			);
			runOnlyForDeploymentPostprocessing = 0;
		};
/* End PBXSourcesBuildPhase section */

/* Begin XCBuildConfiguration section */
		05433E512081366B0049DD02 /* Debug */ = {
			isa = XCBuildConfiguration;
			buildSettings = {
				ALWAYS_SEARCH_USER_PATHS = NO;
				CLANG_ANALYZER_NONNULL = YES;
				CLANG_CXX_LANGUAGE_STANDARD = "gnu++0x";
				CLANG_CXX_LIBRARY = "libc++";
				CLANG_ENABLE_MODULES = YES;
				CLANG_ENABLE_OBJC_ARC = YES;
				CLANG_WARN_BOOL_CONVERSION = YES;
				CLANG_WARN_CONSTANT_CONVERSION = YES;
				CLANG_WARN_DIRECT_OBJC_ISA_USAGE = YES_ERROR;
				CLANG_WARN_EMPTY_BODY = YES;
				CLANG_WARN_ENUM_CONVERSION = YES;
				CLANG_WARN_INT_CONVERSION = YES;
				CLANG_WARN_OBJC_ROOT_CLASS = YES_ERROR;
				CLANG_WARN_UNREACHABLE_CODE = YES;
				CLANG_WARN__DUPLICATE_METHOD_MATCH = YES;
				CODE_SIGN_IDENTITY = "-";
				COPY_PHASE_STRIP = NO;
				DEBUG_INFORMATION_FORMAT = dwarf;
				ENABLE_STRICT_OBJC_MSGSEND = YES;
				ENABLE_TESTABILITY = YES;
				GCC_C_LANGUAGE_STANDARD = gnu99;
				GCC_DYNAMIC_NO_PIC = NO;
				GCC_NO_COMMON_BLOCKS = YES;
				GCC_OPTIMIZATION_LEVEL = 0;
				GCC_PREPROCESSOR_DEFINITIONS = (
					"DEBUG=1",
					"$(inherited)",
				);
				GCC_WARN_64_TO_32_BIT_CONVERSION = YES;
				GCC_WARN_ABOUT_RETURN_TYPE = YES_ERROR;
				GCC_WARN_UNDECLARED_SELECTOR = YES;
				GCC_WARN_UNINITIALIZED_AUTOS = YES_AGGRESSIVE;
				GCC_WARN_UNUSED_FUNCTION = YES;
				GCC_WARN_UNUSED_VARIABLE = YES;
				MACOSX_DEPLOYMENT_TARGET = 10.12;
				MTL_ENABLE_DEBUG_INFO = YES;
				ONLY_ACTIVE_ARCH = YES;
				SDKROOT = macosx;
			};
			name = Debug;
		};
		05433E522081366B0049DD02 /* Release */ = {
			isa = XCBuildConfiguration;
			buildSettings = {
				ALWAYS_SEARCH_USER_PATHS = NO;
				CLANG_ANALYZER_NONNULL = YES;
				CLANG_CXX_LANGUAGE_STANDARD = "gnu++0x";
				CLANG_CXX_LIBRARY = "libc++";
				CLANG_ENABLE_MODULES = YES;
				CLANG_ENABLE_OBJC_ARC = YES;
				CLANG_WARN_BOOL_CONVERSION = YES;
				CLANG_WARN_CONSTANT_CONVERSION = YES;
				CLANG_WARN_DIRECT_OBJC_ISA_USAGE = YES_ERROR;
				CLANG_WARN_EMPTY_BODY = YES;
				CLANG_WARN_ENUM_CONVERSION = YES;
				CLANG_WARN_INT_CONVERSION = YES;
				CLANG_WARN_OBJC_ROOT_CLASS = YES_ERROR;
				CLANG_WARN_UNREACHABLE_CODE = YES;
				CLANG_WARN__DUPLICATE_METHOD_MATCH = YES;
				CODE_SIGN_IDENTITY = "-";
				COPY_PHASE_STRIP = NO;
				DEBUG_INFORMATION_FORMAT = "dwarf-with-dsym";
				ENABLE_NS_ASSERTIONS = NO;
				ENABLE_STRICT_OBJC_MSGSEND = YES;
				GCC_C_LANGUAGE_STANDARD = gnu99;
				GCC_NO_COMMON_BLOCKS = YES;
				GCC_WARN_64_TO_32_BIT_CONVERSION = YES;
				GCC_WARN_ABOUT_RETURN_TYPE = YES_ERROR;
				GCC_WARN_UNDECLARED_SELECTOR = YES;
				GCC_WARN_UNINITIALIZED_AUTOS = YES_AGGRESSIVE;
				GCC_WARN_UNUSED_FUNCTION = YES;
				GCC_WARN_UNUSED_VARIABLE = YES;
				MACOSX_DEPLOYMENT_TARGET = 10.12;
				MTL_ENABLE_DEBUG_INFO = NO;
				SDKROOT = macosx;
			};
			name = Release;
		};
		05433E542081366B0049DD02 /* Debug */ = {
			isa = XCBuildConfiguration;
			buildSettings = {
				PRODUCT_NAME = "$(TARGET_NAME)";
			};
			name = Debug;
		};
		05433E552081366B0049DD02 /* Release */ = {
			isa = XCBuildConfiguration;
			buildSettings = {
				PRODUCT_NAME = "$(TARGET_NAME)";
			};
			name = Release;
		};
/* End XCBuildConfiguration section */

/* Begin XCConfigurationList section */
		05433E472081366A0049DD02 /* Build configuration list for PBXProject "EmployeeSalaryProject" */ = {
			isa = XCConfigurationList;
			buildConfigurations = (
				05433E512081366B0049DD02 /* Debug */,
				05433E522081366B0049DD02 /* Release */,
			);
			defaultConfigurationIsVisible = 0;
			defaultConfigurationName = Release;
		};
		05433E532081366B0049DD02 /* Build configuration list for PBXNativeTarget "EmployeeSalaryProject" */ = {
			isa = XCConfigurationList;
			buildConfigurations = (
				05433E542081366B0049DD02 /* Debug */,
				05433E552081366B0049DD02 /* Release */,
			);
			defaultConfigurationIsVisible = 0;
			defaultConfigurationName = Release;
		};
/* End XCConfigurationList section */
	};
	rootObject = 05433E442081366A0049DD02 /* Project object */;
}
